
Microsoft Visual Studio Solution File, Format Version 12.00
# Visual Studio Version 17
VisualStudioVersion = 17.8.34330.188
MinimumVisualStudioVersion = 10.0.40219.1
Project("{9A19103F-16F7-4668-BE54-9A1E7A4F7556}") = "Frieren-Guard", "Frieren-Guard\Frieren-Guard.csproj", "{B0D60A46-93AA-409D-862A-982CA4D20B6C}"
EndProject
Project("{FAE04EC0-301F-11D3-BF4B-00C04F79EFBC}") = "Frieren-Guard.Sample", "Frieren-Guard.Sample\Frieren-Guard.Sample.csproj", "{6E76164D-EE0F-422D-BF74-F06E9C2E7D41}"
EndProject
Global
	GlobalSection(SolutionConfigurationPlatforms) = preSolution
		Debug|Any CPU = Debug|Any CPU
		Release|Any CPU = Release|Any CPU
	EndGlobalSection
	GlobalSection(ProjectConfigurationPlatforms) = postSolution
		{B0D60A46-93AA-409D-862A-982CA4D20B6C}.Debug|Any CPU.ActiveCfg = Debug|Any CPU
		{B0D60A46-93AA-409D-862A-982CA4D20B6C}.Debug|Any CPU.Build.0 = Debug|Any CPU
		{B0D60A46-93AA-409D-862A-982CA4D20B6C}.Release|Any CPU.ActiveCfg = Release|Any CPU
		{B0D60A46-93AA-409D-862A-982CA4D20B6C}.Release|Any CPU.Build.0 = Release|Any CPU
		{6E76164D-EE0F-422D-BF74-F06E9C2E7D41}.Debug|Any CPU.ActiveCfg = Debug|Any CPU
		{6E76164D-EE0F-422D-BF74-F06E9C2E7D41}.Debug|Any CPU.Build.0 = Debug|Any CPU
		{6E76164D-EE0F-422D-BF74-F06E9C2E7D41}.Release|Any CPU.ActiveCfg = Release|Any CPU
		{6E76164D-EE0F-422D-BF74-F06E9C2E7D41}.Release|Any CPU.Build.0 = Release|Any CPU
	EndGlobalSection
	GlobalSection(SolutionProperties) = preSolution
		HideSolutionNode = FALSE
	EndGlobalSection
	GlobalSection(ExtensibilityGlobals) = postSolution
		SolutionGuid = {83117E91-5CC8-4B9F-ABF6-AED8201595CA}
	EndGlobalSection
EndGlobal
